// !$*UTF8*$!
{
	archiveVersion = 1;
	classes = {
	};
	objectVersion = 50;
	objects = {

/* Begin PBXBuildFile section */
		ED12ED1B228DF4510005A1F0 /* PhotoCollectionViewCell.m in Sources */ = {isa = PBXBuildFile; fileRef = ED12ED1A228DF4510005A1F0 /* PhotoCollectionViewCell.m */; };
		ED21C0FD228DE729000637F2 /* AppDelegate.m in Sources */ = {isa = PBXBuildFile; fileRef = ED21C0FC228DE729000637F2 /* AppDelegate.m */; };
		ED21C100228DE729000637F2 /* ViewController.m in Sources */ = {isa = PBXBuildFile; fileRef = ED21C0FF228DE729000637F2 /* ViewController.m */; };
		ED21C103228DE729000637F2 /* Main.storyboard in Resources */ = {isa = PBXBuildFile; fileRef = ED21C101228DE729000637F2 /* Main.storyboard */; };
		ED21C105228DE72A000637F2 /* Assets.xcassets in Resources */ = {isa = PBXBuildFile; fileRef = ED21C104228DE72A000637F2 /* Assets.xcassets */; };
		ED21C108228DE72A000637F2 /* LaunchScreen.storyboard in Resources */ = {isa = PBXBuildFile; fileRef = ED21C106228DE72A000637F2 /* LaunchScreen.storyboard */; };
		ED21C10B228DE72A000637F2 /* main.m in Sources */ = {isa = PBXBuildFile; fileRef = ED21C10A228DE72A000637F2 /* main.m */; };
		ED21C113228DF2F7000637F2 /* Photo.m in Sources */ = {isa = PBXBuildFile; fileRef = ED21C112228DF2F7000637F2 /* Photo.m */; };
/* End PBXBuildFile section */

/* Begin PBXFileReference section */
		ED12ED19228DF4510005A1F0 /* PhotoCollectionViewCell.h */ = {isa = PBXFileReference; lastKnownFileType = sourcecode.c.h; path = PhotoCollectionViewCell.h; sourceTree = "<group>"; };
		ED12ED1A228DF4510005A1F0 /* PhotoCollectionViewCell.m */ = {isa = PBXFileReference; lastKnownFileType = sourcecode.c.objc; path = PhotoCollectionViewCell.m; sourceTree = "<group>"; };
		ED21C0F8228DE729000637F2 /* Cats.app */ = {isa = PBXFileReference; explicitFileType = wrapper.application; includeInIndex = 0; path = Cats.app; sourceTree = BUILT_PRODUCTS_DIR; };
		ED21C0FB228DE729000637F2 /* AppDelegate.h */ = {isa = PBXFileReference; lastKnownFileType = sourcecode.c.h; path = AppDelegate.h; sourceTree = "<group>"; };
		ED21C0FC228DE729000637F2 /* AppDelegate.m */ = {isa = PBXFileReference; lastKnownFileType = sourcecode.c.objc; path = AppDelegate.m; sourceTree = "<group>"; };
		ED21C0FE228DE729000637F2 /* ViewController.h */ = {isa = PBXFileReference; lastKnownFileType = sourcecode.c.h; path = ViewController.h; sourceTree = "<group>"; };
		ED21C0FF228DE729000637F2 /* ViewController.m */ = {isa = PBXFileReference; lastKnownFileType = sourcecode.c.objc; path = ViewController.m; sourceTree = "<group>"; };
		ED21C102228DE729000637F2 /* Base */ = {isa = PBXFileReference; lastKnownFileType = file.storyboard; name = Base; path = Base.lproj/Main.storyboard; sourceTree = "<group>"; };
		ED21C104228DE72A000637F2 /* Assets.xcassets */ = {isa = PBXFileReference; lastKnownFileType = folder.assetcatalog; path = Assets.xcassets; sourceTree = "<group>"; };
		ED21C107228DE72A000637F2 /* Base */ = {isa = PBXFileReference; lastKnownFileType = file.storyboard; name = Base; path = Base.lproj/LaunchScreen.storyboard; sourceTree = "<group>"; };
		ED21C109228DE72A000637F2 /* Info.plist */ = {isa = PBXFileReference; lastKnownFileType = text.plist.xml; path = Info.plist; sourceTree = "<group>"; };
		ED21C10A228DE72A000637F2 /* main.m */ = {isa = PBXFileReference; lastKnownFileType = sourcecode.c.objc; path = main.m; sourceTree = "<group>"; };
		ED21C111228DF2F7000637F2 /* Photo.h */ = {isa = PBXFileReference; lastKnownFileType = sourcecode.c.h; path = Photo.h; sourceTree = "<group>"; };
		ED21C112228DF2F7000637F2 /* Photo.m */ = {isa = PBXFileReference; lastKnownFileType = sourcecode.c.objc; path = Photo.m; sourceTree = "<group>"; };
/* End PBXFileReference section */

/* Begin PBXFrameworksBuildPhase section */
		ED21C0F5228DE729000637F2 /* Frameworks */ = {
			isa = PBXFrameworksBuildPhase;
			buildActionMask = 2147483647;
			files = (
			);
			runOnlyForDeploymentPostprocessing = 0;
		};
/* End PBXFrameworksBuildPhase section */

/* Begin PBXGroup section */
		ED21C0EF228DE729000637F2 = {
			isa = PBXGroup;
			children = (
				ED21C0FA228DE729000637F2 /* Cats */,
				ED21C0F9228DE729000637F2 /* Products */,
			);
			sourceTree = "<group>";
		};
		ED21C0F9228DE729000637F2 /* Products */ = {
			isa = PBXGroup;
			children = (
				ED21C0F8228DE729000637F2 /* Cats.app */,
			);
			name = Products;
			sourceTree = "<group>";
		};
		ED21C0FA228DE729000637F2 /* Cats */ = {
			isa = PBXGroup;
			children = (
				ED21C0FB228DE729000637F2 /* AppDelegate.h */,
				ED21C0FC228DE729000637F2 /* AppDelegate.m */,
				ED21C0FE228DE729000637F2 /* ViewController.h */,
				ED21C0FF228DE729000637F2 /* ViewController.m */,
				ED12ED19228DF4510005A1F0 /* PhotoCollectionViewCell.h */,
				ED12ED1A228DF4510005A1F0 /* PhotoCollectionViewCell.m */,
				ED21C111228DF2F7000637F2 /* Photo.h */,
				ED21C112228DF2F7000637F2 /* Photo.m */,
				ED21C101228DE729000637F2 /* Main.storyboard */,
				ED21C104228DE72A000637F2 /* Assets.xcassets */,
				ED21C106228DE72A000637F2 /* LaunchScreen.storyboard */,
				ED21C109228DE72A000637F2 /* Info.plist */,
				ED21C10A228DE72A000637F2 /* main.m */,
			);
			path = Cats;
			sourceTree = "<group>";
		};
/* End PBXGroup section */

/* Begin PBXNativeTarget section */
		ED21C0F7228DE729000637F2 /* Cats */ = {
			isa = PBXNativeTarget;
			buildConfigurationList = ED21C10E228DE72A000637F2 /* Build configuration list for PBXNativeTarget "Cats" */;
			buildPhases = (
				ED21C0F4228DE729000637F2 /* Sources */,
				ED21C0F5228DE729000637F2 /* Frameworks */,
				ED21C0F6228DE729000637F2 /* Resources */,
			);
			buildRules = (
			);
			dependencies = (
			);
			name = Cats;
			productName = Cats;
			productReference = ED21C0F8228DE729000637F2 /* Cats.app */;
			productType = "com.apple.product-type.application";
		};
/* End PBXNativeTarget section */

/* Begin PBXProject section */
		ED21C0F0228DE729000637F2 /* Project object */ = {
			isa = PBXProject;
			attributes = {
				LastUpgradeCheck = 1020;
				ORGANIZATIONNAME = "Dayson Dong";
				TargetAttributes = {
					ED21C0F7228DE729000637F2 = {
						CreatedOnToolsVersion = 10.2.1;
					};
				};
			};
			buildConfigurationList = ED21C0F3228DE729000637F2 /* Build configuration list for PBXProject "Cats" */;
			compatibilityVersion = "Xcode 9.3";
			developmentRegion = en;
			hasScannedForEncodings = 0;
			knownRegions = (
				en,
				Base,
			);
			mainGroup = ED21C0EF228DE729000637F2;
			productRefGroup = ED21C0F9228DE729000637F2 /* Products */;
			projectDirPath = "";
			projectRoot = "";
			targets = (
				ED21C0F7228DE729000637F2 /* Cats */,
			);
		};
/* End PBXProject section */

/* Begin PBXResourcesBuildPhase section */
		ED21C0F6228DE729000637F2 /* Resources */ = {
			isa = PBXResourcesBuildPhase;
			buildActionMask = 2147483647;
			files = (
				ED21C108228DE72A000637F2 /* LaunchScreen.storyboard in Resources */,
				ED21C105228DE72A000637F2 /* Assets.xcassets in Resources */,
				ED21C103228DE729000637F2 /* Main.storyboard in Resources */,
			);
			runOnlyForDeploymentPostprocessing = 0;
		};
/* End PBXResourcesBuildPhase section */

/* Begin PBXSourcesBuildPhase section */
		ED21C0F4228DE729000637F2 /* Sources */ = {
			isa = PBXSourcesBuildPhase;
			buildActionMask = 2147483647;
			files = (
				ED21C113228DF2F7000637F2 /* Photo.m in Sources */,
				ED21C100228DE729000637F2 /* ViewController.m in Sources */,
				ED21C10B228DE72A000637F2 /* main.m in Sources */,
				ED12ED1B228DF4510005A1F0 /* PhotoCollectionViewCell.m in Sources */,
				ED21C0FD228DE729000637F2 /* AppDelegate.m in Sources */,
			);
			runOnlyForDeploymentPostprocessing = 0;
		};
/* End PBXSourcesBuildPhase section */

/* Begin PBXVariantGroup section */
		ED21C101228DE729000637F2 /* Main.storyboard */ = {
			isa = PBXVariantGroup;
			children = (
				ED21C102228DE729000637F2 /* Base */,
			);
			name = Main.storyboard;
			sourceTree = "<group>";
		};
		ED21C106228DE72A000637F2 /* LaunchScreen.storyboard */ = {
			isa = PBXVariantGroup;
			children = (
				ED21C107228DE72A000637F2 /* Base */,
			);
			name = LaunchScreen.storyboard;
			sourceTree = "<group>";
		};
/* End PBXVariantGroup section */

/* Begin XCBuildConfiguration section */
		ED21C10C228DE72A000637F2 /* Debug */ = {
			isa = XCBuildConfiguration;
			buildSettings = {
				ALWAYS_SEARCH_USER_PATHS = NO;
				CLANG_ANALYZER_NONNULL = YES;
				CLANG_ANALYZER_NUMBER_OBJECT_CONVERSION = YES_AGGRESSIVE;
				CLANG_CXX_LANGUAGE_STANDARD = "gnu++14";
				CLANG_CXX_LIBRARY = "libc++";
				CLANG_ENABLE_MODULES = YES;
				CLANG_ENABLE_OBJC_ARC = YES;
				CLANG_ENABLE_OBJC_WEAK = YES;
				CLANG_WARN_BLOCK_CAPTURE_AUTORELEASING = YES;
				CLANG_WARN_BOOL_CONVERSION = YES;
				CLANG_WARN_COMMA = YES;
				CLANG_WARN_CONSTANT_CONVERSION = YES;
				CLANG_WARN_DEPRECATED_OBJC_IMPLEMENTATIONS = YES;
				CLANG_WARN_DIRECT_OBJC_ISA_USAGE = YES_ERROR;
				CLANG_WARN_DOCUMENTATION_COMMENTS = YES;
				CLANG_WARN_EMPTY_BODY = YES;
				CLANG_WARN_ENUM_CONVERSION = YES;
				CLANG_WARN_INFINITE_RECURSION = YES;
				CLANG_WARN_INT_CONVERSION = YES;
				CLANG_WARN_NON_LITERAL_NULL_CONVERSION = YES;
				CLANG_WARN_OBJC_IMPLICIT_RETAIN_SELF = YES;
				CLANG_WARN_OBJC_LITERAL_CONVERSION = YES;
				CLANG_WARN_OBJC_ROOT_CLASS = YES_ERROR;
				CLANG_WARN_RANGE_LOOP_ANALYSIS = YES;
				CLANG_WARN_STRICT_PROTOTYPES = YES;
				CLANG_WARN_SUSPICIOUS_MOVE = YES;
				CLANG_WARN_UNGUARDED_AVAILABILITY = YES_AGGRESSIVE;
				CLANG_WARN_UNREACHABLE_CODE = YES;
				CLANG_WARN__DUPLICATE_METHOD_MATCH = YES;
				CODE_SIGN_IDENTITY = "iPhone Developer";
				COPY_PHASE_STRIP = NO;
				DEBUG_INFORMATION_FORMAT = dwarf;
				ENABLE_STRICT_OBJC_MSGSEND = YES;
				ENABLE_TESTABILITY = YES;
				GCC_C_LANGUAGE_STANDARD = gnu11;
				GCC_DYNAMIC_NO_PIC = NO;
				GCC_NO_COMMON_BLOCKS = YES;
				GCC_OPTIMIZATION_LEVEL = 0;
				GCC_PREPROCESSOR_DEFINITIONS = (
					"DEBUG=1",
					"$(inherited)",
				);
				GCC_WARN_64_TO_32_BIT_CONVERSION = YES;
				GCC_WARN_ABOUT_RETURN_TYPE = YES_ERROR;
				GCC_WARN_UNDECLARED_SELECTOR = YES;
				GCC_WARN_UNINITIALIZED_AUTOS = YES_AGGRESSIVE;
				GCC_WARN_UNUSED_FUNCTION = YES;
				GCC_WARN_UNUSED_VARIABLE = YES;
				IPHONEOS_DEPLOYMENT_TARGET = 12.2;
				MTL_ENABLE_DEBUG_INFO = INCLUDE_SOURCE;
				MTL_FAST_MATH = YES;
				ONLY_ACTIVE_ARCH = YES;
				SDKROOT = iphoneos;
			};
			name = Debug;
		};
		ED21C10D228DE72A000637F2 /* Release */ = {
			isa = XCBuildConfiguration;
			buildSettings = {
				ALWAYS_SEARCH_USER_PATHS = NO;
				CLANG_ANALYZER_NONNULL = YES;
				CLANG_ANALYZER_NUMBER_OBJECT_CONVERSION = YES_AGGRESSIVE;
				CLANG_CXX_LANGUAGE_STANDARD = "gnu++14";
				CLANG_CXX_LIBRARY = "libc++";
				CLANG_ENABLE_MODULES = YES;
				CLANG_ENABLE_OBJC_ARC = YES;
				CLANG_ENABLE_OBJC_WEAK = YES;
				CLANG_WARN_BLOCK_CAPTURE_AUTORELEASING = YES;
				CLANG_WARN_BOOL_CONVERSION = YES;
				CLANG_WARN_COMMA = YES;
				CLANG_WARN_CONSTANT_CONVERSION = YES;
				CLANG_WARN_DEPRECATED_OBJC_IMPLEMENTATIONS = YES;
				CLANG_WARN_DIRECT_OBJC_ISA_USAGE = YES_ERROR;
				CLANG_WARN_DOCUMENTATION_COMMENTS = YES;
				CLANG_WARN_EMPTY_BODY = YES;
				CLANG_WARN_ENUM_CONVERSION = YES;
				CLANG_WARN_INFINITE_RECURSION = YES;
				CLANG_WARN_INT_CONVERSION = YES;
				CLANG_WARN_NON_LITERAL_NULL_CONVERSION = YES;
				CLANG_WARN_OBJC_IMPLICIT_RETAIN_SELF = YES;
				CLANG_WARN_OBJC_LITERAL_CONVERSION = YES;
				CLANG_WARN_OBJC_ROOT_CLASS = YES_ERROR;
				CLANG_WARN_RANGE_LOOP_ANALYSIS = YES;
				CLANG_WARN_STRICT_PROTOTYPES = YES;
				CLANG_WARN_SUSPICIOUS_MOVE = YES;
				CLANG_WARN_UNGUARDED_AVAILABILITY = YES_AGGRESSIVE;
				CLANG_WARN_UNREACHABLE_CODE = YES;
				CLANG_WARN__DUPLICATE_METHOD_MATCH = YES;
				CODE_SIGN_IDENTITY = "iPhone Developer";
				COPY_PHASE_STRIP = NO;
				DEBUG_INFORMATION_FORMAT = "dwarf-with-dsym";
				ENABLE_NS_ASSERTIONS = NO;
				ENABLE_STRICT_OBJC_MSGSEND = YES;
				GCC_C_LANGUAGE_STANDARD = gnu11;
				GCC_NO_COMMON_BLOCKS = YES;
				GCC_WARN_64_TO_32_BIT_CONVERSION = YES;
				GCC_WARN_ABOUT_RETURN_TYPE = YES_ERROR;
				GCC_WARN_UNDECLARED_SELECTOR = YES;
				GCC_WARN_UNINITIALIZED_AUTOS = YES_AGGRESSIVE;
				GCC_WARN_UNUSED_FUNCTION = YES;
				GCC_WARN_UNUSED_VARIABLE = YES;
				IPHONEOS_DEPLOYMENT_TARGET = 12.2;
				MTL_ENABLE_DEBUG_INFO = NO;
				MTL_FAST_MATH = YES;
				SDKROOT = iphoneos;
				VALIDATE_PRODUCT = YES;
			};
			name = Release;
		};
		ED21C10F228DE72A000637F2 /* Debug */ = {
			isa = XCBuildConfiguration;
			buildSettings = {
				ASSETCATALOG_COMPILER_APPICON_NAME = AppIcon;
				CODE_SIGN_STYLE = Automatic;
				DEVELOPMENT_TEAM = D2VZ8N8LJC;
				INFOPLIST_FILE = Cats/Info.plist;
				LD_RUNPATH_SEARCH_PATHS = (
					"$(inherited)",
					"@executable_path/Frameworks",
				);
				PRODUCT_BUNDLE_IDENTIFIER = com.dsn.Cats;
				PRODUCT_NAME = "$(TARGET_NAME)";
				TARGETED_DEVICE_FAMILY = "1,2";
			};
			name = Debug;
		};
		ED21C110228DE72A000637F2 /* Release */ = {
			isa = XCBuildConfiguration;
			buildSettings = {
				ASSETCATALOG_COMPILER_APPICON_NAME = AppIcon;
				CODE_SIGN_STYLE = Automatic;
				DEVELOPMENT_TEAM = D2VZ8N8LJC;
				INFOPLIST_FILE = Cats/Info.plist;
				LD_RUNPATH_SEARCH_PATHS = (
					"$(inherited)",
					"@executable_path/Frameworks",
				);
				PRODUCT_BUNDLE_IDENTIFIER = com.dsn.Cats;
				PRODUCT_NAME = "$(TARGET_NAME)";
				TARGETED_DEVICE_FAMILY = "1,2";
			};
			name = Release;
		};
/* End XCBuildConfiguration section */

/* Begin XCConfigurationList section */
		ED21C0F3228DE729000637F2 /* Build configuration list for PBXProject "Cats" */ = {
			isa = XCConfigurationList;
			buildConfigurations = (
				ED21C10C228DE72A000637F2 /* Debug */,
				ED21C10D228DE72A000637F2 /* Release */,
			);
			defaultConfigurationIsVisible = 0;
			defaultConfigurationName = Release;
		};
		ED21C10E228DE72A000637F2 /* Build configuration list for PBXNativeTarget "Cats" */ = {
			isa = XCConfigurationList;
			buildConfigurations = (
				ED21C10F228DE72A000637F2 /* Debug */,
				ED21C110228DE72A000637F2 /* Release */,
			);
			defaultConfigurationIsVisible = 0;
			defaultConfigurationName = Release;
		};
/* End XCConfigurationList section */
	};
	rootObject = ED21C0F0228DE729000637F2 /* Project object */;
}
